{
  "name": "eoc",
  "lockfileVersion": 3,
  "requires": true,
  "packages": {
    "": {
      "dependencies": {
        "@xieyuheng/occam-lisp.js": "^0.1.30"
      }
    },
    "node_modules/@types/yargs-parser": {
      "version": "21.0.3",
      "resolved": "https://registry.npmjs.org/@types/yargs-parser/-/yargs-parser-21.0.3.tgz",
      "integrity": "sha512-I4q9QU9MQv4oEOz4tAHJtNz1cwuLxn2F3xcc2iV5WdqLPpUnj30aUuxt1mAxYTG+oe8CZMV/+6rU4S4gRDzqtQ==",
      "license": "MIT"
    },
    "node_modules/@xieyuheng/commander.js": {
      "version": "0.1.4",
      "resolved": "https://registry.npmjs.org/@xieyuheng/commander.js/-/commander.js-0.1.4.tgz",
      "integrity": "sha512-Sxz708kNzftrfg//FnSv974MToFOkfvdHlyo6AApjgN8uuC3hYkG4T0DJP9CJGuUjv66xCLkMpFpjtcgBDFIVg==",
      "license": "GPL-3.0-or-later",
      "dependencies": {
        "@types/yargs-parser": "^21.0.3",
        "yargs-parser": "^22.0.0"
      },
      "bin": {
        "commander.js": "lib/main.js"
      }
    },
    "node_modules/@xieyuheng/occam-lisp.js": {
      "version": "0.1.30",
      "resolved": "https://registry.npmjs.org/@xieyuheng/occam-lisp.js/-/occam-lisp.js-0.1.30.tgz",
      "integrity": "sha512-iPR+tFX1jIO5IKhztAJv/5OX1psoTxHluTL1HJFbjGykmxbnf1bdjs2l39XEPGbpMiWbTDV6ccVnlfcuk1QU1A==",
      "license": "GPL-3.0-or-later",
      "dependencies": {
        "@xieyuheng/commander.js": "^0.1.4",
        "@xieyuheng/x-data.js": "^0.1.32"
      },
      "bin": {
        "occam-lisp.js": "lib/main.js"
      }
    },
    "node_modules/@xieyuheng/x-data.js": {
      "version": "0.1.32",
      "resolved": "https://registry.npmjs.org/@xieyuheng/x-data.js/-/x-data.js-0.1.32.tgz",
      "integrity": "sha512-nh0fLvtke6tSbj63hTgu85rgqj3O2xg3evSYjLGYLXc1em6N9lXPTjzzBUmvn0Gn5aOTldDLQCQ2pk4RenHx7w==",
      "license": "GPL-3.0-or-later",
      "bin": {
        "x-data.js": "lib/main.js"
      }
    },
    "node_modules/yargs-parser": {
      "version": "22.0.0",
      "resolved": "https://registry.npmjs.org/yargs-parser/-/yargs-parser-22.0.0.tgz",
      "integrity": "sha512-rwu/ClNdSMpkSrUb+d6BRsSkLUq1fmfsY6TOpYzTwvwkg1/NRG85KBy3kq++A8LKQwX6lsu+aWad+2khvuXrqw==",
      "license": "ISC",
      "engines": {
        "node": "^20.19.0 || ^22.12.0 || >=23"
      }
    }
  }
}
