lockfileVersion: '9.0'

settings:
  autoInstallPeers: true
  excludeLinksFromLockfile: false

importers:

  .:
    dependencies:
      '@xieyuheng/x-lisp-proto.js':
        specifier: ^0.8.5
        version: 0.8.5

packages:

  '@xieyuheng/cmd.js@0.4.2':
    resolution: {integrity: sha512-PPav0Y3mQa8ThvGQTvW+jtME2YXaaH7YY8HZn17xGo6Zkf/COpRlAuBjNb1imjOSR9kvoclESsIsFVDY4jZk5Q==}

  '@xieyuheng/helpers.js@0.2.3':
    resolution: {integrity: sha512-3jlq/DERy76292b+mbjAiNwDHCqQxipXteYcB1QfZnV9O11CvQ+dwuy9+MTT/08jjNd+lCcr0lI3CIhxJeMiiQ==}

  '@xieyuheng/sexp.js@0.7.3':
    resolution: {integrity: sha512-Bc/DMtZCdMnfgfrNaCenYqbS/QbytpuZmUaazWz7tvNkOpNe9bp71RUmB5lOrA+TWftbWpZ4LQmFVjl3wiaAvQ==}

  '@xieyuheng/x-lisp-proto.js@0.8.5':
    resolution: {integrity: sha512-EEiQ5w7jl4eVI9hQakLGWozWBTrVmx9R3IrURWRXoTiiuwh+zoj6d4tWYZB/b4oB5yFMs6vS3cHQogHF9R01gw==}
    hasBin: true

snapshots:

  '@xieyuheng/cmd.js@0.4.2':
    dependencies:
      '@xieyuheng/helpers.js': 0.2.3

  '@xieyuheng/helpers.js@0.2.3': {}

  '@xieyuheng/sexp.js@0.7.3':
    dependencies:
      '@xieyuheng/helpers.js': 0.2.3

  '@xieyuheng/x-lisp-proto.js@0.8.5':
    dependencies:
      '@xieyuheng/cmd.js': 0.4.2
      '@xieyuheng/helpers.js': 0.2.3
      '@xieyuheng/sexp.js': 0.7.3
