lockfileVersion: '9.0'

settings:
  autoInstallPeers: true
  excludeLinksFromLockfile: false

importers:

  .:
    dependencies:
      '@xieyuheng/x-lisp-proto':
        specifier: ^0.6.38
        version: 0.6.38

packages:

  '@xieyuheng/command-router.js@0.1.10':
    resolution: {integrity: sha512-kucsG1vxOt4xSSoy17qXkXLhuYFNVPo6EcUfatiQW5kB3mffPRbYcTt0Hey5MpcU5JgpZqxlFXyWHnCwoaNd2g==}

  '@xieyuheng/command.js@0.2.3':
    resolution: {integrity: sha512-2pyhP7NW/DV0FDPGO4tRWFRldxd5F04xq389GBsuWGQCrNacOjmU/nlR8tJKl/rATZJV5bwuyKXZ72jMdMsFnQ==}

  '@xieyuheng/x-lisp-proto@0.6.38':
    resolution: {integrity: sha512-lvB2q4CupPC9GFbDoCkc3fc/PWju30CjLiLsL2s2+a42TC4GCHfNogxF9mVRdpYlkNeAVSESScUfjyarqLL63w==}
    hasBin: true

  '@xieyuheng/x-sexp.js@0.5.7':
    resolution: {integrity: sha512-RvChRenDvMSIOghIQ+Zyq1Gun8qrWD0biKXksFpSuKsAS6yWDWREJMr6u+ocTn5MKlcKF1pYVjFpfps57xLimQ==}
    hasBin: true

snapshots:

  '@xieyuheng/command-router.js@0.1.10': {}

  '@xieyuheng/command.js@0.2.3': {}

  '@xieyuheng/x-lisp-proto@0.6.38':
    dependencies:
      '@xieyuheng/command.js': 0.2.3
      '@xieyuheng/x-sexp.js': 0.5.7

  '@xieyuheng/x-sexp.js@0.5.7':
    dependencies:
      '@xieyuheng/command-router.js': 0.1.10
